
Microsoft Visual Studio Solution File, Format Version 12.00
# Visual Studio Version 16
VisualStudioVersion = 16.0.31229.75
MinimumVisualStudioVersion = 10.0.40219.1
Project("{2150E333-8FDC-42A3-9474-1A3956D46DE8}") = "Services", "Services", "{B4E33D74-BAB4-4E5F-8346-EB1CDB345958}"
EndProject
Project("{2150E333-8FDC-42A3-9474-1A3956D46DE8}") = "Catalog", "Catalog", "{8958C486-F721-4E6E-BEE5-12D133F7034C}"
EndProject
Project("{9A19103F-16F7-4668-BE54-9A1E7A4F7556}") = "Catalog.API", "Services\Catalog\Catalog.API\Catalog.API.csproj", "{CAEAAD17-3DF3-4480-BF1C-F7D800A93C07}"
EndProject
Project("{E53339B2-1760-4266-BCC7-CA923CBCF16C}") = "docker-compose", "docker-compose.dcproj", "{94D8451C-C0F4-4DC2-AC0F-26597DA0CCAD}"
EndProject
Project("{2150E333-8FDC-42A3-9474-1A3956D46DE8}") = "Basket", "Basket", "{8360F6DA-ABD5-490D-8549-5D00212E17AF}"
EndProject
Project("{9A19103F-16F7-4668-BE54-9A1E7A4F7556}") = "Basket.API", "Services\Basket\Basket.API\Basket.API.csproj", "{DF4A7FD1-5516-44F4-98D6-65F6C56A3409}"
EndProject
Project("{2150E333-8FDC-42A3-9474-1A3956D46DE8}") = "Discount", "Discount", "{7ABF5A2C-B863-48E8-812C-CBB0290C748B}"
EndProject
Project("{9A19103F-16F7-4668-BE54-9A1E7A4F7556}") = "Discount.API", "Services\Discount\Discount.API\Discount.API.csproj", "{9A1FC2E9-B94F-409D-A1B5-22419693B10A}"
EndProject
Project("{9A19103F-16F7-4668-BE54-9A1E7A4F7556}") = "Discount.Grpc", "Services\Discount\Discount.Grpc\Discount.Grpc.csproj", "{078E6669-02D0-4A8A-9F5A-201FE3519A0C}"
EndProject
Project("{2150E333-8FDC-42A3-9474-1A3956D46DE8}") = "Ordering", "Ordering", "{5A080858-C11C-4618-A191-A4163D86777A}"
EndProject
Project("{9A19103F-16F7-4668-BE54-9A1E7A4F7556}") = "Ordering.API", "Services\Ordering\Ordering.API\Ordering.API.csproj", "{389B19E7-F96F-47E7-9DB1-4A92B3F06144}"
EndProject
Project("{9A19103F-16F7-4668-BE54-9A1E7A4F7556}") = "Ordering.Domain", "Services\Ordering\Ordering.Domain\Ordering.Domain.csproj", "{57D82B2E-3D39-4907-B9CD-81FB26091391}"
EndProject
Project("{9A19103F-16F7-4668-BE54-9A1E7A4F7556}") = "Ordering.Application", "Services\Ordering\Ordering.Application\Ordering.Application.csproj", "{9A7878E7-8314-4F90-9338-591E9C627E61}"
EndProject
Project("{9A19103F-16F7-4668-BE54-9A1E7A4F7556}") = "Ordering.Infrastructure", "Services\Ordering\Ordering.Infrastructure\Ordering.Infrastructure.csproj", "{2AA97CEF-C6B4-4CA2-AA8F-57B0DA16FFB0}"
EndProject
Project("{2150E333-8FDC-42A3-9474-1A3956D46DE8}") = "BuildingBlocks", "BuildingBlocks", "{C35D4846-8854-41A4-8E99-D693AE75E797}"
EndProject
Project("{FAE04EC0-301F-11D3-BF4B-00C04F79EFBC}") = "EventBus.Messages", "BuildingBlocks\EventBus.Messages\EventBus.Messages.csproj", "{7F893FB2-C9CE-41CA-B2E1-B46F9DC862EF}"
EndProject
Global
	GlobalSection(SolutionConfigurationPlatforms) = preSolution
		Debug|Any CPU = Debug|Any CPU
		Release|Any CPU = Release|Any CPU
	EndGlobalSection
	GlobalSection(ProjectConfigurationPlatforms) = postSolution
		{CAEAAD17-3DF3-4480-BF1C-F7D800A93C07}.Debug|Any CPU.ActiveCfg = Debug|Any CPU
		{CAEAAD17-3DF3-4480-BF1C-F7D800A93C07}.Debug|Any CPU.Build.0 = Debug|Any CPU
		{CAEAAD17-3DF3-4480-BF1C-F7D800A93C07}.Release|Any CPU.ActiveCfg = Release|Any CPU
		{CAEAAD17-3DF3-4480-BF1C-F7D800A93C07}.Release|Any CPU.Build.0 = Release|Any CPU
		{94D8451C-C0F4-4DC2-AC0F-26597DA0CCAD}.Debug|Any CPU.ActiveCfg = Debug|Any CPU
		{94D8451C-C0F4-4DC2-AC0F-26597DA0CCAD}.Debug|Any CPU.Build.0 = Debug|Any CPU
		{94D8451C-C0F4-4DC2-AC0F-26597DA0CCAD}.Release|Any CPU.ActiveCfg = Release|Any CPU
		{94D8451C-C0F4-4DC2-AC0F-26597DA0CCAD}.Release|Any CPU.Build.0 = Release|Any CPU
		{DF4A7FD1-5516-44F4-98D6-65F6C56A3409}.Debug|Any CPU.ActiveCfg = Debug|Any CPU
		{DF4A7FD1-5516-44F4-98D6-65F6C56A3409}.Debug|Any CPU.Build.0 = Debug|Any CPU
		{DF4A7FD1-5516-44F4-98D6-65F6C56A3409}.Release|Any CPU.ActiveCfg = Release|Any CPU
		{DF4A7FD1-5516-44F4-98D6-65F6C56A3409}.Release|Any CPU.Build.0 = Release|Any CPU
		{9A1FC2E9-B94F-409D-A1B5-22419693B10A}.Debug|Any CPU.ActiveCfg = Debug|Any CPU
		{9A1FC2E9-B94F-409D-A1B5-22419693B10A}.Debug|Any CPU.Build.0 = Debug|Any CPU
		{9A1FC2E9-B94F-409D-A1B5-22419693B10A}.Release|Any CPU.ActiveCfg = Release|Any CPU
		{9A1FC2E9-B94F-409D-A1B5-22419693B10A}.Release|Any CPU.Build.0 = Release|Any CPU
		{078E6669-02D0-4A8A-9F5A-201FE3519A0C}.Debug|Any CPU.ActiveCfg = Debug|Any CPU
		{078E6669-02D0-4A8A-9F5A-201FE3519A0C}.Debug|Any CPU.Build.0 = Debug|Any CPU
		{078E6669-02D0-4A8A-9F5A-201FE3519A0C}.Release|Any CPU.ActiveCfg = Release|Any CPU
		{078E6669-02D0-4A8A-9F5A-201FE3519A0C}.Release|Any CPU.Build.0 = Release|Any CPU
		{389B19E7-F96F-47E7-9DB1-4A92B3F06144}.Debug|Any CPU.ActiveCfg = Debug|Any CPU
		{389B19E7-F96F-47E7-9DB1-4A92B3F06144}.Debug|Any CPU.Build.0 = Debug|Any CPU
		{389B19E7-F96F-47E7-9DB1-4A92B3F06144}.Release|Any CPU.ActiveCfg = Release|Any CPU
		{389B19E7-F96F-47E7-9DB1-4A92B3F06144}.Release|Any CPU.Build.0 = Release|Any CPU
		{57D82B2E-3D39-4907-B9CD-81FB26091391}.Debug|Any CPU.ActiveCfg = Debug|Any CPU
		{57D82B2E-3D39-4907-B9CD-81FB26091391}.Debug|Any CPU.Build.0 = Debug|Any CPU
		{57D82B2E-3D39-4907-B9CD-81FB26091391}.Release|Any CPU.ActiveCfg = Release|Any CPU
		{57D82B2E-3D39-4907-B9CD-81FB26091391}.Release|Any CPU.Build.0 = Release|Any CPU
		{9A7878E7-8314-4F90-9338-591E9C627E61}.Debug|Any CPU.ActiveCfg = Debug|Any CPU
		{9A7878E7-8314-4F90-9338-591E9C627E61}.Debug|Any CPU.Build.0 = Debug|Any CPU
		{9A7878E7-8314-4F90-9338-591E9C627E61}.Release|Any CPU.ActiveCfg = Release|Any CPU
		{9A7878E7-8314-4F90-9338-591E9C627E61}.Release|Any CPU.Build.0 = Release|Any CPU
		{2AA97CEF-C6B4-4CA2-AA8F-57B0DA16FFB0}.Debug|Any CPU.ActiveCfg = Debug|Any CPU
		{2AA97CEF-C6B4-4CA2-AA8F-57B0DA16FFB0}.Debug|Any CPU.Build.0 = Debug|Any CPU
		{2AA97CEF-C6B4-4CA2-AA8F-57B0DA16FFB0}.Release|Any CPU.ActiveCfg = Release|Any CPU
		{2AA97CEF-C6B4-4CA2-AA8F-57B0DA16FFB0}.Release|Any CPU.Build.0 = Release|Any CPU
		{7F893FB2-C9CE-41CA-B2E1-B46F9DC862EF}.Debug|Any CPU.ActiveCfg = Debug|Any CPU
		{7F893FB2-C9CE-41CA-B2E1-B46F9DC862EF}.Debug|Any CPU.Build.0 = Debug|Any CPU
		{7F893FB2-C9CE-41CA-B2E1-B46F9DC862EF}.Release|Any CPU.ActiveCfg = Release|Any CPU
		{7F893FB2-C9CE-41CA-B2E1-B46F9DC862EF}.Release|Any CPU.Build.0 = Release|Any CPU
	EndGlobalSection
	GlobalSection(SolutionProperties) = preSolution
		HideSolutionNode = FALSE
	EndGlobalSection
	GlobalSection(NestedProjects) = preSolution
		{8958C486-F721-4E6E-BEE5-12D133F7034C} = {B4E33D74-BAB4-4E5F-8346-EB1CDB345958}
		{CAEAAD17-3DF3-4480-BF1C-F7D800A93C07} = {8958C486-F721-4E6E-BEE5-12D133F7034C}
		{8360F6DA-ABD5-490D-8549-5D00212E17AF} = {B4E33D74-BAB4-4E5F-8346-EB1CDB345958}
		{DF4A7FD1-5516-44F4-98D6-65F6C56A3409} = {8360F6DA-ABD5-490D-8549-5D00212E17AF}
		{7ABF5A2C-B863-48E8-812C-CBB0290C748B} = {B4E33D74-BAB4-4E5F-8346-EB1CDB345958}
		{9A1FC2E9-B94F-409D-A1B5-22419693B10A} = {7ABF5A2C-B863-48E8-812C-CBB0290C748B}
		{078E6669-02D0-4A8A-9F5A-201FE3519A0C} = {7ABF5A2C-B863-48E8-812C-CBB0290C748B}
		{5A080858-C11C-4618-A191-A4163D86777A} = {B4E33D74-BAB4-4E5F-8346-EB1CDB345958}
		{389B19E7-F96F-47E7-9DB1-4A92B3F06144} = {5A080858-C11C-4618-A191-A4163D86777A}
		{57D82B2E-3D39-4907-B9CD-81FB26091391} = {5A080858-C11C-4618-A191-A4163D86777A}
		{9A7878E7-8314-4F90-9338-591E9C627E61} = {5A080858-C11C-4618-A191-A4163D86777A}
		{2AA97CEF-C6B4-4CA2-AA8F-57B0DA16FFB0} = {5A080858-C11C-4618-A191-A4163D86777A}
		{7F893FB2-C9CE-41CA-B2E1-B46F9DC862EF} = {C35D4846-8854-41A4-8E99-D693AE75E797}
	EndGlobalSection
	GlobalSection(ExtensibilityGlobals) = postSolution
		SolutionGuid = {F539B85E-47F7-424C-B958-396D53CEC7AD}
	EndGlobalSection
EndGlobal
